<?xml version="1.0" encoding="utf-8"?>
<Project ToolsVersion="4.0" xmlns="http://schemas.microsoft.com/developer/msbuild/2003">
  <ItemGroup>
    <Filter Include="Файлы исходного кода">
      <UniqueIdentifier>{4FC737F1-C7A5-4376-A066-2A32D752A2FF}</UniqueIdentifier>
      <Extensions>cpp;c;cc;cxx;def;odl;idl;hpj;bat;asm;asmx</Extensions>
    </Filter>
    <Filter Include="Заголовочные файлы">
      <UniqueIdentifier>{93995380-89BD-4b04-88EB-625FBE52EBFB}</UniqueIdentifier>
      <Extensions>h;hpp;hxx;hm;inl;inc;xsd</Extensions>
    </Filter>
    <Filter Include="Файлы ресурсов">
      <UniqueIdentifier>{67DA6AB6-F800-4c08-8B7A-83BB121AAD01}</UniqueIdentifier>
      <Extensions>rc;ico;cur;bmp;dlg;rc2;rct;bin;rgs;gif;jpg;jpeg;jpe;resx;tiff;tif;png;wav;mfcribbon-ms</Extensions>
    </Filter>
    <Filter Include="Заголовочные файлы\Framework">
      <UniqueIdentifier>{ae05e5b3-a5b2-4b9d-9168-36fe14312cb9}</UniqueIdentifier>
    </Filter>
    <Filter Include="Заголовочные файлы\Framework\Math">
      <UniqueIdentifier>{5bb68598-81ea-4506-8210-73f0c6052004}</UniqueIdentifier>
    </Filter>
    <Filter Include="Заголовочные файлы\Platform">
      <UniqueIdentifier>{ccac982d-aa66-49c0-8785-ccd39f9d2519}</UniqueIdentifier>
    </Filter>
    <Filter Include="Заголовочные файлы\Platform\Common">
      <UniqueIdentifier>{01071d33-499b-48d6-8813-ccdef33a9b28}</UniqueIdentifier>
    </Filter>
    <Filter Include="Файлы исходного кода\Platform">
      <UniqueIdentifier>{187642c0-b078-4158-a5cd-faef27ce0e3c}</UniqueIdentifier>
    </Filter>
    <Filter Include="Файлы исходного кода\Platform\Common">
      <UniqueIdentifier>{6f97ccae-38cd-441e-93e9-6d3bb4cb5577}</UniqueIdentifier>
    </Filter>
    <Filter Include="Файлы исходного кода\Platform\Windows">
      <UniqueIdentifier>{4f1e5fd9-46c1-4eed-85b1-278d06e079bc}</UniqueIdentifier>
    </Filter>
    <Filter Include="Заголовочные файлы\Platform\Windows">
      <UniqueIdentifier>{73edf6bd-80ce-4080-8f43-1007109cbff4}</UniqueIdentifier>
    </Filter>
    <Filter Include="Заголовочные файлы\Platform\Windows\Common">
      <UniqueIdentifier>{1c1eca73-8a0b-4761-a923-34f138f7751f}</UniqueIdentifier>
    </Filter>
    <Filter Include="Файлы исходного кода\Application">
      <UniqueIdentifier>{34b683c2-10be-4a03-a124-78e72c2250be}</UniqueIdentifier>
    </Filter>
    <Filter Include="Заголовочные файлы\Application">
      <UniqueIdentifier>{811ec0f0-ed8e-4246-8402-8c1b1b68d2f1}</UniqueIdentifier>
    </Filter>
    <Filter Include="Файлы исходного кода\Libs">
      <UniqueIdentifier>{97b725b1-ae27-4038-b9ca-994d9a2eed6e}</UniqueIdentifier>
    </Filter>
    <Filter Include="Файлы исходного кода\Libs\libpng">
      <UniqueIdentifier>{7dcb080b-88b6-44a5-987c-0d4065677472}</UniqueIdentifier>
    </Filter>
    <Filter Include="Файлы исходного кода\Libs\zlib">
      <UniqueIdentifier>{dc21e5e4-0ae5-4c91-8bd8-e38239cc690f}</UniqueIdentifier>
    </Filter>
    <Filter Include="Заголовочные файлы\Framework\ImageLib">
      <UniqueIdentifier>{05d54bc4-ccb0-40f6-9ed3-5b4a6b6e03fe}</UniqueIdentifier>
    </Filter>
    <Filter Include="Файлы исходного кода\Framework">
      <UniqueIdentifier>{3a8a19d4-ac63-49da-9fcb-5585647d4cc1}</UniqueIdentifier>
    </Filter>
    <Filter Include="Файлы исходного кода\Framework\ImageLib">
      <UniqueIdentifier>{6a02423f-a15a-434b-8893-8b2be05c01cb}</UniqueIdentifier>
    </Filter>
    <Filter Include="Заголовочные файлы\Framework\GUI">
      <UniqueIdentifier>{3df0489d-361d-44c5-9dcf-2d8ed06e3139}</UniqueIdentifier>
    </Filter>
    <Filter Include="Файлы исходного кода\Framework\GUI">
      <UniqueIdentifier>{3bff4c1e-a302-4802-ad92-8449640d2d59}</UniqueIdentifier>
    </Filter>
    <Filter Include="Файлы исходного кода\Libs\tinyxml">
      <UniqueIdentifier>{39b8abd1-1dac-4e78-b816-c3726f8e13a3}</UniqueIdentifier>
    </Filter>
  </ItemGroup>
  <ItemGroup>
    <ClCompile Include="..\..\..\..\MainApp\Application.cpp">
      <Filter>Файлы исходного кода\Application</Filter>
    </ClCompile>
    <ClCompile Include="..\..\..\Common\Assert.cpp">
      <Filter>Файлы исходного кода\Platform\Common</Filter>
    </ClCompile>
    <ClCompile Include="..\..\Common\Win_Assert.cpp">
      <Filter>Файлы исходного кода\Platform\Windows</Filter>
    </ClCompile>
    <ClCompile Include="..\..\Common\Win_MemManager.cpp">
      <Filter>Файлы исходного кода\Platform\Windows</Filter>
    </ClCompile>
    <ClCompile Include="..\..\..\Common\CommonUtils.cpp">
      <Filter>Файлы исходного кода\Platform\Common</Filter>
    </ClCompile>
    <ClCompile Include="..\..\Launcher\main.cpp">
      <Filter>Файлы исходного кода\Platform</Filter>
    </ClCompile>
    <ClCompile Include="..\..\Common\Win_Timer.cpp">
      <Filter>Файлы исходного кода\Platform\Windows</Filter>
    </ClCompile>
    <ClCompile Include="..\..\Common\Win_Log.cpp">
      <Filter>Файлы исходного кода\Platform\Windows</Filter>
    </ClCompile>
    <ClCompile Include="..\..\Common\Win_OpenGL.cpp">
      <Filter>Файлы исходного кода\Platform\Windows</Filter>
    </ClCompile>
    <ClCompile Include="..\..\..\..\Libs\libpng\png.c">
      <Filter>Файлы исходного кода\Libs\libpng</Filter>
    </ClCompile>
    <ClCompile Include="..\..\..\..\Libs\libpng\pngerror.c">
      <Filter>Файлы исходного кода\Libs\libpng</Filter>
    </ClCompile>
    <ClCompile Include="..\..\..\..\Libs\libpng\pngget.c">
      <Filter>Файлы исходного кода\Libs\libpng</Filter>
    </ClCompile>
    <ClCompile Include="..\..\..\..\Libs\libpng\pngmem.c">
      <Filter>Файлы исходного кода\Libs\libpng</Filter>
    </ClCompile>
    <ClCompile Include="..\..\..\..\Libs\libpng\pngpread.c">
      <Filter>Файлы исходного кода\Libs\libpng</Filter>
    </ClCompile>
    <ClCompile Include="..\..\..\..\Libs\libpng\pngread.c">
      <Filter>Файлы исходного кода\Libs\libpng</Filter>
    </ClCompile>
    <ClCompile Include="..\..\..\..\Libs\libpng\pngrio.c">
      <Filter>Файлы исходного кода\Libs\libpng</Filter>
    </ClCompile>
    <ClCompile Include="..\..\..\..\Libs\libpng\pngrtran.c">
      <Filter>Файлы исходного кода\Libs\libpng</Filter>
    </ClCompile>
    <ClCompile Include="..\..\..\..\Libs\libpng\pngrutil.c">
      <Filter>Файлы исходного кода\Libs\libpng</Filter>
    </ClCompile>
    <ClCompile Include="..\..\..\..\Libs\libpng\pngset.c">
      <Filter>Файлы исходного кода\Libs\libpng</Filter>
    </ClCompile>
    <ClCompile Include="..\..\..\..\Libs\libpng\pngtest.c">
      <Filter>Файлы исходного кода\Libs\libpng</Filter>
    </ClCompile>
    <ClCompile Include="..\..\..\..\Libs\libpng\pngtrans.c">
      <Filter>Файлы исходного кода\Libs\libpng</Filter>
    </ClCompile>
    <ClCompile Include="..\..\..\..\Libs\libpng\pngwio.c">
      <Filter>Файлы исходного кода\Libs\libpng</Filter>
    </ClCompile>
    <ClCompile Include="..\..\..\..\Libs\libpng\pngwrite.c">
      <Filter>Файлы исходного кода\Libs\libpng</Filter>
    </ClCompile>
    <ClCompile Include="..\..\..\..\Libs\libpng\pngwtran.c">
      <Filter>Файлы исходного кода\Libs\libpng</Filter>
    </ClCompile>
    <ClCompile Include="..\..\..\..\Libs\libpng\pngwutil.c">
      <Filter>Файлы исходного кода\Libs\libpng</Filter>
    </ClCompile>
    <ClCompile Include="..\..\..\..\Libs\zlib\adler32.c">
      <Filter>Файлы исходного кода\Libs\zlib</Filter>
    </ClCompile>
    <ClCompile Include="..\..\..\..\Libs\zlib\compress.c">
      <Filter>Файлы исходного кода\Libs\zlib</Filter>
    </ClCompile>
    <ClCompile Include="..\..\..\..\Libs\zlib\crc32.c">
      <Filter>Файлы исходного кода\Libs\zlib</Filter>
    </ClCompile>
    <ClCompile Include="..\..\..\..\Libs\zlib\deflate.c">
      <Filter>Файлы исходного кода\Libs\zlib</Filter>
    </ClCompile>
    <ClCompile Include="..\..\..\..\Libs\zlib\infback.c">
      <Filter>Файлы исходного кода\Libs\zlib</Filter>
    </ClCompile>
    <ClCompile Include="..\..\..\..\Libs\zlib\inffast.c">
      <Filter>Файлы исходного кода\Libs\zlib</Filter>
    </ClCompile>
    <ClCompile Include="..\..\..\..\Libs\zlib\inflate.c">
      <Filter>Файлы исходного кода\Libs\zlib</Filter>
    </ClCompile>
    <ClCompile Include="..\..\..\..\Libs\zlib\inftrees.c">
      <Filter>Файлы исходного кода\Libs\zlib</Filter>
    </ClCompile>
    <ClCompile Include="..\..\..\..\Libs\zlib\trees.c">
      <Filter>Файлы исходного кода\Libs\zlib</Filter>
    </ClCompile>
    <ClCompile Include="..\..\..\..\Libs\zlib\uncompr.c">
      <Filter>Файлы исходного кода\Libs\zlib</Filter>
    </ClCompile>
    <ClCompile Include="..\..\..\..\Libs\zlib\zutil.c">
      <Filter>Файлы исходного кода\Libs\zlib</Filter>
    </ClCompile>
    <ClCompile Include="..\..\..\..\Framework\ImageLib\ImageLib.cpp">
      <Filter>Файлы исходного кода\Framework\ImageLib</Filter>
    </ClCompile>
    <ClCompile Include="..\..\..\..\Framework\ImageLib\Image_Png.cpp">
      <Filter>Файлы исходного кода\Framework\ImageLib</Filter>
    </ClCompile>
    <ClCompile Include="..\..\Common\Win_FileSystemProxy.cpp">
      <Filter>Файлы исходного кода\Platform\Windows</Filter>
    </ClCompile>
    <ClCompile Include="..\..\..\..\Framework\GUI\XGUI_Font.cpp">
      <Filter>Файлы исходного кода\Framework\GUI</Filter>
    </ClCompile>
    <ClCompile Include="..\..\..\..\Framework\GUI\XGUI_Sheet.cpp">
      <Filter>Файлы исходного кода\Framework\GUI</Filter>
    </ClCompile>
    <ClCompile Include="..\..\..\..\Framework\OpenGLBackend.cpp">
      <Filter>Файлы исходного кода\Framework</Filter>
    </ClCompile>
    <ClCompile Include="..\..\..\..\Framework\GUI\XGUI_Widget.cpp">
      <Filter>Файлы исходного кода\Framework\GUI</Filter>
    </ClCompile>
    <ClCompile Include="..\..\..\..\Framework\GUI\XGUI_Manager.cpp">
      <Filter>Файлы исходного кода\Framework\GUI</Filter>
    </ClCompile>
    <ClCompile Include="..\..\..\..\Framework\GUI\XGUI_Button.cpp">
      <Filter>Файлы исходного кода\Framework\GUI</Filter>
    </ClCompile>
    <ClCompile Include="..\..\..\..\Libs\tinyxml\tinyxml2.cpp">
      <Filter>Файлы исходного кода\Libs\tinyxml</Filter>
    </ClCompile>
    <ClCompile Include="..\..\..\..\Framework\ConfigVars.cpp">
      <Filter>Файлы исходного кода\Framework</Filter>
    </ClCompile>
    <ClCompile Include="..\..\..\..\Framework\GUI\XGUI_Dock.cpp">
      <Filter>Файлы исходного кода\Framework\GUI</Filter>
    </ClCompile>
    <ClCompile Include="..\..\..\..\Framework\GUI\XGUI_DrawUtils.cpp">
      <Filter>Файлы исходного кода\Framework\GUI</Filter>
    </ClCompile>
    <ClCompile Include="..\..\..\..\Framework\GUI\XGUI_GenericSkinnedButton.cpp">
      <Filter>Файлы исходного кода\Framework\GUI</Filter>
    </ClCompile>
    <ClCompile Include="..\..\..\..\Framework\DebugConsole.cpp">
      <Filter>Файлы исходного кода\Framework</Filter>
    </ClCompile>
    <ClCompile Include="..\..\..\..\Framework\GUI\XGUI_Window.cpp">
      <Filter>Файлы исходного кода\Framework\GUI</Filter>
    </ClCompile>
  </ItemGroup>
  <ItemGroup>
    <ClInclude Include="..\..\..\Common\ApplicationCommon.h">
      <Filter>Заголовочные файлы\Platform\Common</Filter>
    </ClInclude>
    <ClInclude Include="..\..\..\..\Framework\Framework.h">
      <Filter>Заголовочные файлы\Framework</Filter>
    </ClInclude>
    <ClInclude Include="..\..\..\..\Framework\MathLib\Math.h">
      <Filter>Заголовочные файлы\Framework\Math</Filter>
    </ClInclude>
    <ClInclude Include="..\..\..\Common\MemoryManager.h">
      <Filter>Заголовочные файлы\Platform\Common</Filter>
    </ClInclude>
    <ClInclude Include="..\..\..\..\Framework\BasicTypes.h">
      <Filter>Заголовочные файлы\Framework</Filter>
    </ClInclude>
    <ClInclude Include="..\..\..\..\Framework\MathLib\Vector.h">
      <Filter>Заголовочные файлы\Framework\Math</Filter>
    </ClInclude>
    <ClInclude Include="..\..\..\Common\ApplicationConfig.h">
      <Filter>Заголовочные файлы\Platform\Common</Filter>
    </ClInclude>
    <ClInclude Include="..\..\..\Common\Assert.h">
      <Filter>Заголовочные файлы\Platform\Common</Filter>
    </ClInclude>
    <ClInclude Include="..\..\..\..\Framework\BasicMacros.h">
      <Filter>Заголовочные файлы\Framework</Filter>
    </ClInclude>
    <ClInclude Include="..\..\..\Common\CommonUtils.h">
      <Filter>Заголовочные файлы\Platform\Common</Filter>
    </ClInclude>
    <ClInclude Include="..\..\..\..\Framework\String.h">
      <Filter>Заголовочные файлы\Framework</Filter>
    </ClInclude>
    <ClInclude Include="..\..\..\Common\PlatformEnvironment.h">
      <Filter>Заголовочные файлы\Platform\Common</Filter>
    </ClInclude>
    <ClInclude Include="..\..\..\..\Framework\EnumFlags.h">
      <Filter>Заголовочные файлы\Framework</Filter>
    </ClInclude>
    <ClInclude Include="..\..\..\Common\OpenGLContext.h">
      <Filter>Заголовочные файлы\Platform\Common</Filter>
    </ClInclude>
    <ClInclude Include="..\..\..\Common\ApplicationEvents.h">
      <Filter>Заголовочные файлы\Platform\Common</Filter>
    </ClInclude>
    <ClInclude Include="..\..\..\..\MainApp\Application.h">
      <Filter>Заголовочные файлы\Application</Filter>
    </ClInclude>
    <ClInclude Include="..\..\Common\Win_Timer.h">
      <Filter>Заголовочные файлы\Platform\Windows\Common</Filter>
    </ClInclude>
    <ClInclude Include="..\..\Common\Win_OpenGL.h">
      <Filter>Заголовочные файлы\Platform\Windows\Common</Filter>
    </ClInclude>
    <ClInclude Include="..\..\..\Common\MouseKeys.h">
      <Filter>Заголовочные файлы\Framework</Filter>
    </ClInclude>
    <ClInclude Include="..\..\..\..\Libs\libpng\png.h">
      <Filter>Файлы исходного кода\Libs\libpng</Filter>
    </ClInclude>
    <ClInclude Include="..\..\..\..\Libs\libpng\pngconf.h">
      <Filter>Файлы исходного кода\Libs\libpng</Filter>
    </ClInclude>
    <ClInclude Include="..\..\..\..\Libs\libpng\pngdebug.h">
      <Filter>Файлы исходного кода\Libs\libpng</Filter>
    </ClInclude>
    <ClInclude Include="..\..\..\..\Libs\libpng\pnginfo.h">
      <Filter>Файлы исходного кода\Libs\libpng</Filter>
    </ClInclude>
    <ClInclude Include="..\..\..\..\Libs\libpng\pngpriv.h">
      <Filter>Файлы исходного кода\Libs\libpng</Filter>
    </ClInclude>
    <ClInclude Include="..\..\..\..\Libs\libpng\pngstruct.h">
      <Filter>Файлы исходного кода\Libs\libpng</Filter>
    </ClInclude>
    <ClInclude Include="..\..\..\..\Libs\zlib\crc32.h">
      <Filter>Файлы исходного кода\Libs\zlib</Filter>
    </ClInclude>
    <ClInclude Include="..\..\..\..\Libs\zlib\deflate.h">
      <Filter>Файлы исходного кода\Libs\zlib</Filter>
    </ClInclude>
    <ClInclude Include="..\..\..\..\Libs\zlib\gzguts.h">
      <Filter>Файлы исходного кода\Libs\zlib</Filter>
    </ClInclude>
    <ClInclude Include="..\..\..\..\Libs\zlib\inffast.h">
      <Filter>Файлы исходного кода\Libs\zlib</Filter>
    </ClInclude>
    <ClInclude Include="..\..\..\..\Libs\zlib\inffixed.h">
      <Filter>Файлы исходного кода\Libs\zlib</Filter>
    </ClInclude>
    <ClInclude Include="..\..\..\..\Libs\zlib\inflate.h">
      <Filter>Файлы исходного кода\Libs\zlib</Filter>
    </ClInclude>
    <ClInclude Include="..\..\..\..\Libs\zlib\inftrees.h">
      <Filter>Файлы исходного кода\Libs\zlib</Filter>
    </ClInclude>
    <ClInclude Include="..\..\..\..\Libs\zlib\trees.h">
      <Filter>Файлы исходного кода\Libs\zlib</Filter>
    </ClInclude>
    <ClInclude Include="..\..\..\..\Libs\zlib\zconf.h">
      <Filter>Файлы исходного кода\Libs\zlib</Filter>
    </ClInclude>
    <ClInclude Include="..\..\..\..\Libs\zlib\zlib.h">
      <Filter>Файлы исходного кода\Libs\zlib</Filter>
    </ClInclude>
    <ClInclude Include="..\..\..\..\Libs\zlib\zutil.h">
      <Filter>Файлы исходного кода\Libs\zlib</Filter>
    </ClInclude>
    <ClInclude Include="..\..\..\..\Framework\ImageLib\ImageLib.h">
      <Filter>Заголовочные файлы\Framework\ImageLib</Filter>
    </ClInclude>
    <ClInclude Include="..\..\..\..\Framework\ImageLib\Image_Png.h">
      <Filter>Заголовочные файлы\Framework\ImageLib</Filter>
    </ClInclude>
    <ClInclude Include="..\..\..\Common\FileSystemProxy.h">
      <Filter>Заголовочные файлы\Platform\Common</Filter>
    </ClInclude>
    <ClInclude Include="..\..\..\..\Framework\GUI\Font_FT2.h">
      <Filter>Заголовочные файлы\Framework\GUI</Filter>
    </ClInclude>
    <ClInclude Include="..\..\..\..\Framework\GUI\XGUI_Font.h">
      <Filter>Заголовочные файлы\Framework\GUI</Filter>
    </ClInclude>
    <ClInclude Include="..\..\..\..\Framework\GUI\XGUI_Common.h">
      <Filter>Заголовочные файлы\Framework\GUI</Filter>
    </ClInclude>
    <ClInclude Include="..\..\..\..\Framework\GUI\XGUI.h">
      <Filter>Заголовочные файлы\Framework\GUI</Filter>
    </ClInclude>
    <ClInclude Include="..\..\..\..\Framework\GUI\GUISheet.h">
      <Filter>Заголовочные файлы\Framework\GUI</Filter>
    </ClInclude>
    <ClInclude Include="..\..\..\..\Framework\GUI\XGUI_Sheet.h">
      <Filter>Заголовочные файлы\Framework\GUI</Filter>
    </ClInclude>
    <ClInclude Include="..\..\..\..\Framework\OpenGLBackend.h">
      <Filter>Заголовочные файлы\Framework</Filter>
    </ClInclude>
    <ClInclude Include="..\..\..\..\Framework\GUI\XGUI_Widget.h">
      <Filter>Заголовочные файлы\Framework\GUI</Filter>
    </ClInclude>
    <ClInclude Include="..\..\..\..\Framework\GUI\XGUI_Const.h">
      <Filter>Заголовочные файлы\Framework\GUI</Filter>
    </ClInclude>
    <ClInclude Include="..\..\..\..\Framework\GUI\XGUI_Manager.h">
      <Filter>Заголовочные файлы\Framework\GUI</Filter>
    </ClInclude>
    <ClInclude Include="..\..\..\..\Framework\GUI\XGUI_Button.h">
      <Filter>Заголовочные файлы\Framework\GUI</Filter>
    </ClInclude>
    <ClInclude Include="..\..\Common\PlatformCommon.h">
      <Filter>Заголовочные файлы\Platform\Windows\Common</Filter>
    </ClInclude>
    <ClInclude Include="..\..\..\..\Framework\GUI\XGUI_Resources.h">
      <Filter>Заголовочные файлы\Framework\GUI</Filter>
    </ClInclude>
    <ClInclude Include="..\..\..\..\Libs\tinyxml\tinyxml2.h">
      <Filter>Файлы исходного кода\Libs\tinyxml</Filter>
    </ClInclude>
    <ClInclude Include="..\..\..\..\Framework\ConfigVars.h">
      <Filter>Заголовочные файлы\Framework</Filter>
    </ClInclude>
    <ClInclude Include="..\..\..\..\Framework\GUI\XGUI_Dock.h">
      <Filter>Заголовочные файлы\Framework\GUI</Filter>
    </ClInclude>
    <ClInclude Include="..\..\..\..\Framework\GUI\XGUI_GenericSkinnedButton.h">
      <Filter>Заголовочные файлы\Framework\GUI</Filter>
    </ClInclude>
    <ClInclude Include="..\..\..\..\Framework\DebugConsole.h">
      <Filter>Заголовочные файлы\Framework</Filter>
    </ClInclude>
    <ClInclude Include="..\..\Common\Win_Keys.h">
      <Filter>Заголовочные файлы\Platform\Windows\Common</Filter>
    </ClInclude>
    <ClInclude Include="..\..\..\..\Framework\GUI\XGUI_Window.h">
      <Filter>Заголовочные файлы\Framework\GUI</Filter>
    </ClInclude>
    <ClInclude Include="..\..\..\Common\MouseCursor.h">
      <Filter>Заголовочные файлы\Platform\Common</Filter>
    </ClInclude>
  </ItemGroup>
</Project>